
Microsoft Visual Studio Solution File, Format Version 12.00
# Visual Studio Version 17
VisualStudioVersion = 17.13.35825.156 d17.13
MinimumVisualStudioVersion = 10.0.40219.1
Project("{FAE04EC0-301F-11D3-BF4B-00C04F79EFBC}") = "BiampMatrixController", "BiampMatrixController.csproj", "{E2DF8CFE-E7EF-222D-1025-AE8D759D22AB}"
EndProject
Global
	GlobalSection(SolutionConfigurationPlatforms) = preSolution
		Debug|Any CPU = Debug|Any CPU
		Release|Any CPU = Release|Any CPU
	EndGlobalSection
	GlobalSection(ProjectConfigurationPlatforms) = postSolution
		{E2DF8CFE-E7EF-222D-1025-AE8D759D22AB}.Debug|Any CPU.ActiveCfg = Debug|Any CPU
		{E2DF8CFE-E7EF-222D-1025-AE8D759D22AB}.Debug|Any CPU.Build.0 = Debug|Any CPU
		{E2DF8CFE-E7EF-222D-1025-AE8D759D22AB}.Release|Any CPU.ActiveCfg = Release|Any CPU
		{E2DF8CFE-E7EF-222D-1025-AE8D759D22AB}.Release|Any CPU.Build.0 = Release|Any CPU
	EndGlobalSection
	GlobalSection(SolutionProperties) = preSolution
		HideSolutionNode = FALSE
	EndGlobalSection
	GlobalSection(ExtensibilityGlobals) = postSolution
		SolutionGuid = {2AC3FC46-2597-4B54-8B0B-3BA8D18DCD9F}
	EndGlobalSection
EndGlobal
